
Microsoft Visual Studio Solution File, Format Version 12.00
# Visual Studio Version 16
VisualStudioVersion = 16.0.30114.105
MinimumVisualStudioVersion = 10.0.40219.1
Project("{FAE04EC0-301F-11D3-BF4B-00C04F79EFBC}") = "PublicIpWorker", "PublicIpWorker\PublicIpWorker.csproj", "{F527DF81-7B13-472F-BD09-11BF5EA1C660}"
EndProject
Project("{FAE04EC0-301F-11D3-BF4B-00C04F79EFBC}") = "Networking.LocalGatewayIpUpdater", "Networking.LocalGatewayIpUpdater\Networking.LocalGatewayIpUpdater.csproj", "{27F3E1B9-F400-4251-A5F4-4CEA8E730BEF}"
EndProject
Global
	GlobalSection(SolutionConfigurationPlatforms) = preSolution
		Debug|Any CPU = Debug|Any CPU
		Release|Any CPU = Release|Any CPU
	EndGlobalSection
	GlobalSection(ProjectConfigurationPlatforms) = postSolution
		{F527DF81-7B13-472F-BD09-11BF5EA1C660}.Debug|Any CPU.ActiveCfg = Debug|Any CPU
		{F527DF81-7B13-472F-BD09-11BF5EA1C660}.Debug|Any CPU.Build.0 = Debug|Any CPU
		{F527DF81-7B13-472F-BD09-11BF5EA1C660}.Release|Any CPU.ActiveCfg = Release|Any CPU
		{F527DF81-7B13-472F-BD09-11BF5EA1C660}.Release|Any CPU.Build.0 = Release|Any CPU
		{27F3E1B9-F400-4251-A5F4-4CEA8E730BEF}.Debug|Any CPU.ActiveCfg = Debug|Any CPU
		{27F3E1B9-F400-4251-A5F4-4CEA8E730BEF}.Debug|Any CPU.Build.0 = Debug|Any CPU
		{27F3E1B9-F400-4251-A5F4-4CEA8E730BEF}.Release|Any CPU.ActiveCfg = Release|Any CPU
		{27F3E1B9-F400-4251-A5F4-4CEA8E730BEF}.Release|Any CPU.Build.0 = Release|Any CPU
	EndGlobalSection
	GlobalSection(SolutionProperties) = preSolution
		HideSolutionNode = FALSE
	EndGlobalSection
	GlobalSection(ExtensibilityGlobals) = postSolution
		SolutionGuid = {A2A3E3C1-6CAE-4922-AB0A-F7C04A61F6C1}
	EndGlobalSection
EndGlobal
